// !$*UTF8*$!
{
	archiveVersion = 1;
	classes = {
	};
	objectVersion = 46;
	objects = {

/* Begin PBXBuildFile section */
		7AD43CF51BADC2B40076849F /* AppDelegate.swift in Sources */ = {isa = PBXBuildFile; fileRef = 7AD43CF41BADC2B40076849F /* AppDelegate.swift */; };
		7AD43CF71BADC2B40076849F /* PoseTestViewController.swift in Sources */ = {isa = PBXBuildFile; fileRef = 7AD43CF61BADC2B40076849F /* PoseTestViewController.swift */; };
		7AD43CFA1BADC2B40076849F /* Main.storyboard in Resources */ = {isa = PBXBuildFile; fileRef = 7AD43CF81BADC2B40076849F /* Main.storyboard */; };
		7AD43CFC1BADC2B40076849F /* Images.xcassets in Resources */ = {isa = PBXBuildFile; fileRef = 7AD43CFB1BADC2B40076849F /* Images.xcassets */; };
		7AD43CFF1BADC2B40076849F /* LaunchScreen.xib in Resources */ = {isa = PBXBuildFile; fileRef = 7AD43CFD1BADC2B40076849F /* LaunchScreen.xib */; };
		7AD43D0B1BADC2B40076849F /* ARGameEngineTests.swift in Sources */ = {isa = PBXBuildFile; fileRef = 7AD43D0A1BADC2B40076849F /* ARGameEngineTests.swift */; };
		7AD43D1E1BADC9640076849F /* CameraViewController.swift in Sources */ = {isa = PBXBuildFile; fileRef = 7AD43D1D1BADC9640076849F /* CameraViewController.swift */; };
		7AD43D201BADCA560076849F /* PoseTracker.swift in Sources */ = {isa = PBXBuildFile; fileRef = 7AD43D1F1BADCA560076849F /* PoseTracker.swift */; };
/* End PBXBuildFile section */

/* Begin PBXContainerItemProxy section */
		7AD43D051BADC2B40076849F /* PBXContainerItemProxy */ = {
			isa = PBXContainerItemProxy;
			containerPortal = 7AD43CE71BADC2B40076849F /* Project object */;
			proxyType = 1;
			remoteGlobalIDString = 7AD43CEE1BADC2B40076849F;
			remoteInfo = ARGameEngine;
		};
/* End PBXContainerItemProxy section */

/* Begin PBXFileReference section */
		7AD43CEF1BADC2B40076849F /* ARGameEngine.app */ = {isa = PBXFileReference; explicitFileType = wrapper.application; includeInIndex = 0; path = ARGameEngine.app; sourceTree = BUILT_PRODUCTS_DIR; };
		7AD43CF31BADC2B40076849F /* Info.plist */ = {isa = PBXFileReference; lastKnownFileType = text.plist.xml; path = Info.plist; sourceTree = "<group>"; };
		7AD43CF41BADC2B40076849F /* AppDelegate.swift */ = {isa = PBXFileReference; lastKnownFileType = sourcecode.swift; path = AppDelegate.swift; sourceTree = "<group>"; };
		7AD43CF61BADC2B40076849F /* PoseTestViewController.swift */ = {isa = PBXFileReference; lastKnownFileType = sourcecode.swift; path = PoseTestViewController.swift; sourceTree = "<group>"; };
		7AD43CF91BADC2B40076849F /* Base */ = {isa = PBXFileReference; lastKnownFileType = file.storyboard; name = Base; path = Base.lproj/Main.storyboard; sourceTree = "<group>"; };
		7AD43CFB1BADC2B40076849F /* Images.xcassets */ = {isa = PBXFileReference; lastKnownFileType = folder.assetcatalog; path = Images.xcassets; sourceTree = "<group>"; };
		7AD43CFE1BADC2B40076849F /* Base */ = {isa = PBXFileReference; lastKnownFileType = file.xib; name = Base; path = Base.lproj/LaunchScreen.xib; sourceTree = "<group>"; };
		7AD43D041BADC2B40076849F /* ARGameEngineTests.xctest */ = {isa = PBXFileReference; explicitFileType = wrapper.cfbundle; includeInIndex = 0; path = ARGameEngineTests.xctest; sourceTree = BUILT_PRODUCTS_DIR; };
		7AD43D091BADC2B40076849F /* Info.plist */ = {isa = PBXFileReference; lastKnownFileType = text.plist.xml; path = Info.plist; sourceTree = "<group>"; };
		7AD43D0A1BADC2B40076849F /* ARGameEngineTests.swift */ = {isa = PBXFileReference; lastKnownFileType = sourcecode.swift; path = ARGameEngineTests.swift; sourceTree = "<group>"; };
		7AD43D1D1BADC9640076849F /* CameraViewController.swift */ = {isa = PBXFileReference; fileEncoding = 4; lastKnownFileType = sourcecode.swift; name = CameraViewController.swift; path = ../CameraViewController.swift; sourceTree = "<group>"; };
		7AD43D1F1BADCA560076849F /* PoseTracker.swift */ = {isa = PBXFileReference; fileEncoding = 4; lastKnownFileType = sourcecode.swift; path = PoseTracker.swift; sourceTree = "<group>"; };
/* End PBXFileReference section */

/* Begin PBXFrameworksBuildPhase section */
		7AD43CEC1BADC2B40076849F /* Frameworks */ = {
			isa = PBXFrameworksBuildPhase;
			buildActionMask = 2147483647;
			files = (
			);
			runOnlyForDeploymentPostprocessing = 0;
		};
		7AD43D011BADC2B40076849F /* Frameworks */ = {
			isa = PBXFrameworksBuildPhase;
			buildActionMask = 2147483647;
			files = (
			);
			runOnlyForDeploymentPostprocessing = 0;
		};
/* End PBXFrameworksBuildPhase section */

/* Begin PBXGroup section */
		7AD43CE61BADC2B40076849F = {
			isa = PBXGroup;
			children = (
				7AD43CF11BADC2B40076849F /* ARGameEngine */,
				7AD43D071BADC2B40076849F /* ARGameEngineTests */,
				7AD43CF01BADC2B40076849F /* Products */,
			);
			sourceTree = "<group>";
		};
		7AD43CF01BADC2B40076849F /* Products */ = {
			isa = PBXGroup;
			children = (
				7AD43CEF1BADC2B40076849F /* ARGameEngine.app */,
				7AD43D041BADC2B40076849F /* ARGameEngineTests.xctest */,
			);
			name = Products;
			sourceTree = "<group>";
		};
		7AD43CF11BADC2B40076849F /* ARGameEngine */ = {
			isa = PBXGroup;
			children = (
				7AD43D211BADD2B70076849F /* PoseTracking */,
				7AD43D141BADC3A20076849F /* UI */,
				7AD43CF41BADC2B40076849F /* AppDelegate.swift */,
				7AD43CFB1BADC2B40076849F /* Images.xcassets */,
				7AD43D1D1BADC9640076849F /* CameraViewController.swift */,
				7AD43CF21BADC2B40076849F /* Supporting Files */,
			);
			path = ARGameEngine;
			sourceTree = "<group>";
		};
		7AD43CF21BADC2B40076849F /* Supporting Files */ = {
			isa = PBXGroup;
			children = (
				7AD43CF31BADC2B40076849F /* Info.plist */,
			);
			name = "Supporting Files";
			sourceTree = "<group>";
		};
		7AD43D071BADC2B40076849F /* ARGameEngineTests */ = {
			isa = PBXGroup;
			children = (
				7AD43D0A1BADC2B40076849F /* ARGameEngineTests.swift */,
				7AD43D081BADC2B40076849F /* Supporting Files */,
			);
			path = ARGameEngineTests;
			sourceTree = "<group>";
		};
		7AD43D081BADC2B40076849F /* Supporting Files */ = {
			isa = PBXGroup;
			children = (
				7AD43D091BADC2B40076849F /* Info.plist */,
			);
			name = "Supporting Files";
			sourceTree = "<group>";
		};
		7AD43D141BADC3A20076849F /* UI */ = {
			isa = PBXGroup;
			children = (
				7AD43CF61BADC2B40076849F /* PoseTestViewController.swift */,
				7AD43CF81BADC2B40076849F /* Main.storyboard */,
				7AD43CFD1BADC2B40076849F /* LaunchScreen.xib */,
			);
			name = UI;
			sourceTree = "<group>";
		};
		7AD43D211BADD2B70076849F /* PoseTracking */ = {
			isa = PBXGroup;
			children = (
				7AD43D1F1BADCA560076849F /* PoseTracker.swift */,
			);
			name = PoseTracking;
			sourceTree = "<group>";
		};
/* End PBXGroup section */

/* Begin PBXNativeTarget section */
		7AD43CEE1BADC2B40076849F /* ARGameEngine */ = {
			isa = PBXNativeTarget;
			buildConfigurationList = 7AD43D0E1BADC2B40076849F /* Build configuration list for PBXNativeTarget "ARGameEngine" */;
			buildPhases = (
				7AD43CEB1BADC2B40076849F /* Sources */,
				7AD43CEC1BADC2B40076849F /* Frameworks */,
				7AD43CED1BADC2B40076849F /* Resources */,
			);
			buildRules = (
			);
			dependencies = (
			);
			name = ARGameEngine;
			productName = ARGameEngine;
			productReference = 7AD43CEF1BADC2B40076849F /* ARGameEngine.app */;
			productType = "com.apple.product-type.application";
		};
		7AD43D031BADC2B40076849F /* ARGameEngineTests */ = {
			isa = PBXNativeTarget;
			buildConfigurationList = 7AD43D111BADC2B40076849F /* Build configuration list for PBXNativeTarget "ARGameEngineTests" */;
			buildPhases = (
				7AD43D001BADC2B40076849F /* Sources */,
				7AD43D011BADC2B40076849F /* Frameworks */,
				7AD43D021BADC2B40076849F /* Resources */,
			);
			buildRules = (
			);
			dependencies = (
				7AD43D061BADC2B40076849F /* PBXTargetDependency */,
			);
			name = ARGameEngineTests;
			productName = ARGameEngineTests;
			productReference = 7AD43D041BADC2B40076849F /* ARGameEngineTests.xctest */;
			productType = "com.apple.product-type.bundle.unit-test";
		};
/* End PBXNativeTarget section */

/* Begin PBXProject section */
		7AD43CE71BADC2B40076849F /* Project object */ = {
			isa = PBXProject;
			attributes = {
				LastSwiftUpdateCheck = 0700;
				LastUpgradeCheck = 0640;
				ORGANIZATIONNAME = "Manjot Sangha";
				TargetAttributes = {
					7AD43CEE1BADC2B40076849F = {
						CreatedOnToolsVersion = 6.4;
					};
					7AD43D031BADC2B40076849F = {
						CreatedOnToolsVersion = 6.4;
						TestTargetID = 7AD43CEE1BADC2B40076849F;
					};
				};
			};
			buildConfigurationList = 7AD43CEA1BADC2B40076849F /* Build configuration list for PBXProject "ARGameEngine" */;
			compatibilityVersion = "Xcode 3.2";
			developmentRegion = English;
			hasScannedForEncodings = 0;
			knownRegions = (
				en,
				Base,
			);
			mainGroup = 7AD43CE61BADC2B40076849F;
			productRefGroup = 7AD43CF01BADC2B40076849F /* Products */;
			projectDirPath = "";
			projectRoot = "";
			targets = (
				7AD43CEE1BADC2B40076849F /* ARGameEngine */,
				7AD43D031BADC2B40076849F /* ARGameEngineTests */,
			);
		};
/* End PBXProject section */

/* Begin PBXResourcesBuildPhase section */
		7AD43CED1BADC2B40076849F /* Resources */ = {
			isa = PBXResourcesBuildPhase;
			buildActionMask = 2147483647;
			files = (
				7AD43CFA1BADC2B40076849F /* Main.storyboard in Resources */,
				7AD43CFF1BADC2B40076849F /* LaunchScreen.xib in Resources */,
				7AD43CFC1BADC2B40076849F /* Images.xcassets in Resources */,
			);
			runOnlyForDeploymentPostprocessing = 0;
		};
		7AD43D021BADC2B40076849F /* Resources */ = {
			isa = PBXResourcesBuildPhase;
			buildActionMask = 2147483647;
			files = (
			);
			runOnlyForDeploymentPostprocessing = 0;
		};
/* End PBXResourcesBuildPhase section */

/* Begin PBXSourcesBuildPhase section */
		7AD43CEB1BADC2B40076849F /* Sources */ = {
			isa = PBXSourcesBuildPhase;
			buildActionMask = 2147483647;
			files = (
				7AD43CF71BADC2B40076849F /* PoseTestViewController.swift in Sources */,
				7AD43CF51BADC2B40076849F /* AppDelegate.swift in Sources */,
				7AD43D1E1BADC9640076849F /* CameraViewController.swift in Sources */,
				7AD43D201BADCA560076849F /* PoseTracker.swift in Sources */,
			);
			runOnlyForDeploymentPostprocessing = 0;
		};
		7AD43D001BADC2B40076849F /* Sources */ = {
			isa = PBXSourcesBuildPhase;
			buildActionMask = 2147483647;
			files = (
				7AD43D0B1BADC2B40076849F /* ARGameEngineTests.swift in Sources */,
			);
			runOnlyForDeploymentPostprocessing = 0;
		};
/* End PBXSourcesBuildPhase section */

/* Begin PBXTargetDependency section */
		7AD43D061BADC2B40076849F /* PBXTargetDependency */ = {
			isa = PBXTargetDependency;
			target = 7AD43CEE1BADC2B40076849F /* ARGameEngine */;
			targetProxy = 7AD43D051BADC2B40076849F /* PBXContainerItemProxy */;
		};
/* End PBXTargetDependency section */

/* Begin PBXVariantGroup section */
		7AD43CF81BADC2B40076849F /* Main.storyboard */ = {
			isa = PBXVariantGroup;
			children = (
				7AD43CF91BADC2B40076849F /* Base */,
			);
			name = Main.storyboard;
			sourceTree = "<group>";
		};
		7AD43CFD1BADC2B40076849F /* LaunchScreen.xib */ = {
			isa = PBXVariantGroup;
			children = (
				7AD43CFE1BADC2B40076849F /* Base */,
			);
			name = LaunchScreen.xib;
			sourceTree = "<group>";
		};
/* End PBXVariantGroup section */

/* Begin XCBuildConfiguration section */
		7AD43D0C1BADC2B40076849F /* Debug */ = {
			isa = XCBuildConfiguration;
			buildSettings = {
				ALWAYS_SEARCH_USER_PATHS = NO;
				CLANG_CXX_LANGUAGE_STANDARD = "gnu++0x";
				CLANG_CXX_LIBRARY = "libc++";
				CLANG_ENABLE_MODULES = YES;
				CLANG_ENABLE_OBJC_ARC = YES;
				CLANG_WARN_BOOL_CONVERSION = YES;
				CLANG_WARN_CONSTANT_CONVERSION = YES;
				CLANG_WARN_DIRECT_OBJC_ISA_USAGE = YES_ERROR;
				CLANG_WARN_EMPTY_BODY = YES;
				CLANG_WARN_ENUM_CONVERSION = YES;
				CLANG_WARN_INT_CONVERSION = YES;
				CLANG_WARN_OBJC_ROOT_CLASS = YES_ERROR;
				CLANG_WARN_UNREACHABLE_CODE = YES;
				CLANG_WARN__DUPLICATE_METHOD_MATCH = YES;
				"CODE_SIGN_IDENTITY[sdk=iphoneos*]" = "iPhone Developer";
				COPY_PHASE_STRIP = NO;
				DEBUG_INFORMATION_FORMAT = "dwarf-with-dsym";
				ENABLE_STRICT_OBJC_MSGSEND = YES;
				GCC_C_LANGUAGE_STANDARD = gnu99;
				GCC_DYNAMIC_NO_PIC = NO;
				GCC_NO_COMMON_BLOCKS = YES;
				GCC_OPTIMIZATION_LEVEL = 0;
				GCC_PREPROCESSOR_DEFINITIONS = (
					"DEBUG=1",
					"$(inherited)",
				);
				GCC_SYMBOLS_PRIVATE_EXTERN = NO;
				GCC_WARN_64_TO_32_BIT_CONVERSION = YES;
				GCC_WARN_ABOUT_RETURN_TYPE = YES_ERROR;
				GCC_WARN_UNDECLARED_SELECTOR = YES;
				GCC_WARN_UNINITIALIZED_AUTOS = YES_AGGRESSIVE;
				GCC_WARN_UNUSED_FUNCTION = YES;
				GCC_WARN_UNUSED_VARIABLE = YES;
				IPHONEOS_DEPLOYMENT_TARGET = 8.4;
				MTL_ENABLE_DEBUG_INFO = YES;
				ONLY_ACTIVE_ARCH = YES;
				SDKROOT = iphoneos;
				SWIFT_OPTIMIZATION_LEVEL = "-Onone";
			};
			name = Debug;
		};
		7AD43D0D1BADC2B40076849F /* Release */ = {
			isa = XCBuildConfiguration;
			buildSettings = {
				ALWAYS_SEARCH_USER_PATHS = NO;
				CLANG_CXX_LANGUAGE_STANDARD = "gnu++0x";
				CLANG_CXX_LIBRARY = "libc++";
				CLANG_ENABLE_MODULES = YES;
				CLANG_ENABLE_OBJC_ARC = YES;
				CLANG_WARN_BOOL_CONVERSION = YES;
				CLANG_WARN_CONSTANT_CONVERSION = YES;
				CLANG_WARN_DIRECT_OBJC_ISA_USAGE = YES_ERROR;
				CLANG_WARN_EMPTY_BODY = YES;
				CLANG_WARN_ENUM_CONVERSION = YES;
				CLANG_WARN_INT_CONVERSION = YES;
				CLANG_WARN_OBJC_ROOT_CLASS = YES_ERROR;
				CLANG_WARN_UNREACHABLE_CODE = YES;
				CLANG_WARN__DUPLICATE_METHOD_MATCH = YES;
				"CODE_SIGN_IDENTITY[sdk=iphoneos*]" = "iPhone Developer";
				COPY_PHASE_STRIP = NO;
				DEBUG_INFORMATION_FORMAT = "dwarf-with-dsym";
				ENABLE_NS_ASSERTIONS = NO;
				ENABLE_STRICT_OBJC_MSGSEND = YES;
				GCC_C_LANGUAGE_STANDARD = gnu99;
				GCC_NO_COMMON_BLOCKS = YES;
				GCC_WARN_64_TO_32_BIT_CONVERSION = YES;
				GCC_WARN_ABOUT_RETURN_TYPE = YES_ERROR;
				GCC_WARN_UNDECLARED_SELECTOR = YES;
				GCC_WARN_UNINITIALIZED_AUTOS = YES_AGGRESSIVE;
				GCC_WARN_UNUSED_FUNCTION = YES;
				GCC_WARN_UNUSED_VARIABLE = YES;
				IPHONEOS_DEPLOYMENT_TARGET = 8.4;
				MTL_ENABLE_DEBUG_INFO = NO;
				SDKROOT = iphoneos;
				VALIDATE_PRODUCT = YES;
			};
			name = Release;
		};
		7AD43D0F1BADC2B40076849F /* Debug */ = {
			isa = XCBuildConfiguration;
			buildSettings = {
				ASSETCATALOG_COMPILER_APPICON_NAME = AppIcon;
				INFOPLIST_FILE = ARGameEngine/Info.plist;
				LD_RUNPATH_SEARCH_PATHS = "$(inherited) @executable_path/Frameworks";
				PRODUCT_NAME = "$(TARGET_NAME)";
			};
			name = Debug;
		};
		7AD43D101BADC2B40076849F /* Release */ = {
			isa = XCBuildConfiguration;
			buildSettings = {
				ASSETCATALOG_COMPILER_APPICON_NAME = AppIcon;
				INFOPLIST_FILE = ARGameEngine/Info.plist;
				LD_RUNPATH_SEARCH_PATHS = "$(inherited) @executable_path/Frameworks";
				PRODUCT_NAME = "$(TARGET_NAME)";
			};
			name = Release;
		};
		7AD43D121BADC2B40076849F /* Debug */ = {
			isa = XCBuildConfiguration;
			buildSettings = {
				BUNDLE_LOADER = "$(TEST_HOST)";
				FRAMEWORK_SEARCH_PATHS = (
					"$(SDKROOT)/Developer/Library/Frameworks",
					"$(inherited)",
				);
				GCC_PREPROCESSOR_DEFINITIONS = (
					"DEBUG=1",
					"$(inherited)",
				);
				INFOPLIST_FILE = ARGameEngineTests/Info.plist;
				LD_RUNPATH_SEARCH_PATHS = "$(inherited) @executable_path/Frameworks @loader_path/Frameworks";
				PRODUCT_NAME = "$(TARGET_NAME)";
				TEST_HOST = "$(BUILT_PRODUCTS_DIR)/ARGameEngine.app/ARGameEngine";
			};
			name = Debug;
		};
		7AD43D131BADC2B40076849F /* Release */ = {
			isa = XCBuildConfiguration;
			buildSettings = {
				BUNDLE_LOADER = "$(TEST_HOST)";
				FRAMEWORK_SEARCH_PATHS = (
					"$(SDKROOT)/Developer/Library/Frameworks",
					"$(inherited)",
				);
				INFOPLIST_FILE = ARGameEngineTests/Info.plist;
				LD_RUNPATH_SEARCH_PATHS = "$(inherited) @executable_path/Frameworks @loader_path/Frameworks";
				PRODUCT_NAME = "$(TARGET_NAME)";
				TEST_HOST = "$(BUILT_PRODUCTS_DIR)/ARGameEngine.app/ARGameEngine";
			};
			name = Release;
		};
/* End XCBuildConfiguration section */

/* Begin XCConfigurationList section */
		7AD43CEA1BADC2B40076849F /* Build configuration list for PBXProject "ARGameEngine" */ = {
			isa = XCConfigurationList;
			buildConfigurations = (
				7AD43D0C1BADC2B40076849F /* Debug */,
				7AD43D0D1BADC2B40076849F /* Release */,
			);
			defaultConfigurationIsVisible = 0;
			defaultConfigurationName = Release;
		};
		7AD43D0E1BADC2B40076849F /* Build configuration list for PBXNativeTarget "ARGameEngine" */ = {
			isa = XCConfigurationList;
			buildConfigurations = (
				7AD43D0F1BADC2B40076849F /* Debug */,
				7AD43D101BADC2B40076849F /* Release */,
			);
			defaultConfigurationIsVisible = 0;
			defaultConfigurationName = Release;
		};
		7AD43D111BADC2B40076849F /* Build configuration list for PBXNativeTarget "ARGameEngineTests" */ = {
			isa = XCConfigurationList;
			buildConfigurations = (
				7AD43D121BADC2B40076849F /* Debug */,
				7AD43D131BADC2B40076849F /* Release */,
			);
			defaultConfigurationIsVisible = 0;
			defaultConfigurationName = Release;
		};
/* End XCConfigurationList section */
	};
	rootObject = 7AD43CE71BADC2B40076849F /* Project object */;
}
